
Microsoft Visual Studio Solution File, Format Version 12.00
# Visual Studio Version 17
VisualStudioVersion = 17.3.32825.248
MinimumVisualStudioVersion = 10.0.40219.1
Project("{FAE04EC0-301F-11D3-BF4B-00C04F79EFBC}") = "back-end", "back-end\back-end.csproj", "{AB568D57-6A78-4BFC-945B-7B10D4E1BA9C}"
EndProject
Global
	GlobalSection(SolutionConfigurationPlatforms) = preSolution
		Debug|Any CPU = Debug|Any CPU
		Release|Any CPU = Release|Any CPU
	EndGlobalSection
	GlobalSection(ProjectConfigurationPlatforms) = postSolution
		{AB568D57-6A78-4BFC-945B-7B10D4E1BA9C}.Debug|Any CPU.ActiveCfg = Debug|Any CPU
		{AB568D57-6A78-4BFC-945B-7B10D4E1BA9C}.Debug|Any CPU.Build.0 = Debug|Any CPU
		{AB568D57-6A78-4BFC-945B-7B10D4E1BA9C}.Release|Any CPU.ActiveCfg = Release|Any CPU
		{AB568D57-6A78-4BFC-945B-7B10D4E1BA9C}.Release|Any CPU.Build.0 = Release|Any CPU
	EndGlobalSection
	GlobalSection(SolutionProperties) = preSolution
		HideSolutionNode = FALSE
	EndGlobalSection
	GlobalSection(ExtensibilityGlobals) = postSolution
		SolutionGuid = {C0898301-2461-44AA-98A7-EF13D4324A73}
	EndGlobalSection
EndGlobal
